// !$*UTF8*$!
{
	archiveVersion = 1;
	classes = {
	};
	objectVersion = 77;
	objects = {

/* Begin PBXBuildFile section */
		140F64752D04E3FB00C89262 /* TerrainFace.swift in Sources */ = {isa = PBXBuildFile; fileRef = 140F64742D04E3FB00C89262 /* TerrainFace.swift */; };
		140F64762D04E3FB00C89262 /* Planet.swift in Sources */ = {isa = PBXBuildFile; fileRef = 140F64732D04E3FB00C89262 /* Planet.swift */; };
		1410B2382DBACD7700DCFD4B /* PlanetsGridView.swift in Sources */ = {isa = PBXBuildFile; fileRef = 1410B2372DBACD7700DCFD4B /* PlanetsGridView.swift */; };
		14CAE33E2D061C0200A4CECC /* Options.swift in Sources */ = {isa = PBXBuildFile; fileRef = 14CAE33D2D061C0200A4CECC /* Options.swift */; };
		14CAE3402D06393F00A4CECC /* ShapeSettings.swift in Sources */ = {isa = PBXBuildFile; fileRef = 14CAE33F2D06393F00A4CECC /* ShapeSettings.swift */; };
		14CAE3422D0644FD00A4CECC /* ShapeGenerator.swift in Sources */ = {isa = PBXBuildFile; fileRef = 14CAE3412D0644FD00A4CECC /* ShapeGenerator.swift */; };
		14CAE3442D06503700A4CECC /* Noise.swift in Sources */ = {isa = PBXBuildFile; fileRef = 14CAE3432D06503700A4CECC /* Noise.swift */; };
		14D78F122DB3EF41008917B9 /* PlanetsListView.swift in Sources */ = {isa = PBXBuildFile; fileRef = 14D78F112DB3EF41008917B9 /* PlanetsListView.swift */; };
		14D78F162DB41125008917B9 /* Normals.metal in Sources */ = {isa = PBXBuildFile; fileRef = 14D78F152DB41125008917B9 /* Normals.metal */; };
		14E127342D077F6500E12420 /* SimpleNoiseFilter.swift in Sources */ = {isa = PBXBuildFile; fileRef = 14E127332D077F6500E12420 /* SimpleNoiseFilter.swift */; };
		14E127362D0786F700E12420 /* NoiseSettings.swift in Sources */ = {isa = PBXBuildFile; fileRef = 14E127352D0786F700E12420 /* NoiseSettings.swift */; };
		14E508BC2D08E17E004B4375 /* RidgidNoiseFilter.swift in Sources */ = {isa = PBXBuildFile; fileRef = 14E508BB2D08E17E004B4375 /* RidgidNoiseFilter.swift */; };
		14E508BE2D08E371004B4375 /* NoiseFilter.swift in Sources */ = {isa = PBXBuildFile; fileRef = 14E508BD2D08E371004B4375 /* NoiseFilter.swift */; };
		14E508C02D08EA03004B4375 /* SettingsView.swift in Sources */ = {isa = PBXBuildFile; fileRef = 14E508BF2D08EA03004B4375 /* SettingsView.swift */; };
		14E508C22D08EBA6004B4375 /* NoiseLayerSettingsView.swift in Sources */ = {isa = PBXBuildFile; fileRef = 14E508C12D08EBA6004B4375 /* NoiseLayerSettingsView.swift */; };
		14E508C42D08F17B004B4375 /* ColorSettingsView.swift in Sources */ = {isa = PBXBuildFile; fileRef = 14E508C32D08F17B004B4375 /* ColorSettingsView.swift */; };
		14E8CE8B2D04E2EA00AE0D67 /* Preview Assets.xcassets in Resources */ = {isa = PBXBuildFile; fileRef = 14E8CE722D04E2EA00AE0D67 /* Preview Assets.xcassets */; };
		14E8CE8D2D04E2EA00AE0D67 /* Assets.xcassets in Resources */ = {isa = PBXBuildFile; fileRef = 14E8CE852D04E2EA00AE0D67 /* Assets.xcassets */; };
		14E8CE8E2D04E2EA00AE0D67 /* Camera.swift in Sources */ = {isa = PBXBuildFile; fileRef = 14E8CE5D2D04E2EA00AE0D67 /* Camera.swift */; };
		14E8CE8F2D04E2EA00AE0D67 /* GameController.swift in Sources */ = {isa = PBXBuildFile; fileRef = 14E8CE5E2D04E2EA00AE0D67 /* GameController.swift */; };
		14E8CE902D04E2EA00AE0D67 /* GameScene.swift in Sources */ = {isa = PBXBuildFile; fileRef = 14E8CE5F2D04E2EA00AE0D67 /* GameScene.swift */; };
		14E8CE912D04E2EA00AE0D67 /* PlayerCamera.swift in Sources */ = {isa = PBXBuildFile; fileRef = 14E8CE602D04E2EA00AE0D67 /* PlayerCamera.swift */; };
		14E8CE922D04E2EA00AE0D67 /* Renderer.swift in Sources */ = {isa = PBXBuildFile; fileRef = 14E8CE612D04E2EA00AE0D67 /* Renderer.swift */; };
		14E8CE942D04E2EA00AE0D67 /* SceneLighting.swift in Sources */ = {isa = PBXBuildFile; fileRef = 14E8CE632D04E2EA00AE0D67 /* SceneLighting.swift */; };
		14E8CE992D04E2EA00AE0D67 /* Transform.swift in Sources */ = {isa = PBXBuildFile; fileRef = 14E8CE692D04E2EA00AE0D67 /* Transform.swift */; };
		14E8CE9A2D04E2EA00AE0D67 /* VertexDescriptor.swift in Sources */ = {isa = PBXBuildFile; fileRef = 14E8CE6A2D04E2EA00AE0D67 /* VertexDescriptor.swift */; };
		14E8CE9B2D04E2EA00AE0D67 /* InputController.swift in Sources */ = {isa = PBXBuildFile; fileRef = 14E8CE6C2D04E2EA00AE0D67 /* InputController.swift */; };
		14E8CE9C2D04E2EA00AE0D67 /* Movement.swift in Sources */ = {isa = PBXBuildFile; fileRef = 14E8CE6D2D04E2EA00AE0D67 /* Movement.swift */; };
		14E8CE9D2D04E2EA00AE0D67 /* Fragment.metal in Sources */ = {isa = PBXBuildFile; fileRef = 14E8CE752D04E2EA00AE0D67 /* Fragment.metal */; };
		14E8CE9E2D04E2EA00AE0D67 /* Lighting.metal in Sources */ = {isa = PBXBuildFile; fileRef = 14E8CE772D04E2EA00AE0D67 /* Lighting.metal */; };
		14E8CE9F2D04E2EA00AE0D67 /* Vertex.metal in Sources */ = {isa = PBXBuildFile; fileRef = 14E8CE792D04E2EA00AE0D67 /* Vertex.metal */; };
		14E8CEA02D04E2EA00AE0D67 /* ContentView.swift in Sources */ = {isa = PBXBuildFile; fileRef = 14E8CE7B2D04E2EA00AE0D67 /* ContentView.swift */; };
		14E8CEA12D04E2EA00AE0D67 /* MetalView.swift in Sources */ = {isa = PBXBuildFile; fileRef = 14E8CE7C2D04E2EA00AE0D67 /* MetalView.swift */; };
		14E8CEA32D04E2EA00AE0D67 /* DebugLights.metal in Sources */ = {isa = PBXBuildFile; fileRef = 14E8CE812D04E2EA00AE0D67 /* DebugLights.metal */; };
		14E8CEA42D04E2EA00AE0D67 /* DebugLights.swift in Sources */ = {isa = PBXBuildFile; fileRef = 14E8CE822D04E2EA00AE0D67 /* DebugLights.swift */; };
		14E8CEA52D04E2EA00AE0D67 /* MathLibrary.swift in Sources */ = {isa = PBXBuildFile; fileRef = 14E8CE832D04E2EA00AE0D67 /* MathLibrary.swift */; };
		14E8CEA62D04E2EA00AE0D67 /* PlanetsApp.swift in Sources */ = {isa = PBXBuildFile; fileRef = 14E8CE872D04E2EA00AE0D67 /* PlanetsApp.swift */; };
		14F164D32DB6A1D00096973E /* NavigationContext.swift in Sources */ = {isa = PBXBuildFile; fileRef = 14F164D22DB6A1D00096973E /* NavigationContext.swift */; };
/* End PBXBuildFile section */

/* Begin PBXFileReference section */
		140F64732D04E3FB00C89262 /* Planet.swift */ = {isa = PBXFileReference; lastKnownFileType = sourcecode.swift; path = Planet.swift; sourceTree = "<group>"; };
		140F64742D04E3FB00C89262 /* TerrainFace.swift */ = {isa = PBXFileReference; lastKnownFileType = sourcecode.swift; path = TerrainFace.swift; sourceTree = "<group>"; };
		1410B2372DBACD7700DCFD4B /* PlanetsGridView.swift */ = {isa = PBXFileReference; lastKnownFileType = sourcecode.swift; path = PlanetsGridView.swift; sourceTree = "<group>"; };
		14B588BE2D03A29200A350DF /* Planets.app */ = {isa = PBXFileReference; explicitFileType = wrapper.application; includeInIndex = 0; path = Planets.app; sourceTree = BUILT_PRODUCTS_DIR; };
		14CAE33D2D061C0200A4CECC /* Options.swift */ = {isa = PBXFileReference; lastKnownFileType = sourcecode.swift; path = Options.swift; sourceTree = "<group>"; };
		14CAE33F2D06393F00A4CECC /* ShapeSettings.swift */ = {isa = PBXFileReference; lastKnownFileType = sourcecode.swift; path = ShapeSettings.swift; sourceTree = "<group>"; };
		14CAE3412D0644FD00A4CECC /* ShapeGenerator.swift */ = {isa = PBXFileReference; lastKnownFileType = sourcecode.swift; path = ShapeGenerator.swift; sourceTree = "<group>"; };
		14CAE3432D06503700A4CECC /* Noise.swift */ = {isa = PBXFileReference; lastKnownFileType = sourcecode.swift; path = Noise.swift; sourceTree = "<group>"; };
		14D78F112DB3EF41008917B9 /* PlanetsListView.swift */ = {isa = PBXFileReference; lastKnownFileType = sourcecode.swift; path = PlanetsListView.swift; sourceTree = "<group>"; };
		14D78F152DB41125008917B9 /* Normals.metal */ = {isa = PBXFileReference; lastKnownFileType = sourcecode.metal; path = Normals.metal; sourceTree = "<group>"; };
		14E127332D077F6500E12420 /* SimpleNoiseFilter.swift */ = {isa = PBXFileReference; lastKnownFileType = sourcecode.swift; path = SimpleNoiseFilter.swift; sourceTree = "<group>"; };
		14E127352D0786F700E12420 /* NoiseSettings.swift */ = {isa = PBXFileReference; lastKnownFileType = sourcecode.swift; path = NoiseSettings.swift; sourceTree = "<group>"; };
		14E508BB2D08E17E004B4375 /* RidgidNoiseFilter.swift */ = {isa = PBXFileReference; lastKnownFileType = sourcecode.swift; path = RidgidNoiseFilter.swift; sourceTree = "<group>"; };
		14E508BD2D08E371004B4375 /* NoiseFilter.swift */ = {isa = PBXFileReference; lastKnownFileType = sourcecode.swift; path = NoiseFilter.swift; sourceTree = "<group>"; };
		14E508BF2D08EA03004B4375 /* SettingsView.swift */ = {isa = PBXFileReference; lastKnownFileType = sourcecode.swift; path = SettingsView.swift; sourceTree = "<group>"; };
		14E508C12D08EBA6004B4375 /* NoiseLayerSettingsView.swift */ = {isa = PBXFileReference; lastKnownFileType = sourcecode.swift; path = NoiseLayerSettingsView.swift; sourceTree = "<group>"; };
		14E508C32D08F17B004B4375 /* ColorSettingsView.swift */ = {isa = PBXFileReference; lastKnownFileType = sourcecode.swift; path = ColorSettingsView.swift; sourceTree = "<group>"; };
		14E8CE5D2D04E2EA00AE0D67 /* Camera.swift */ = {isa = PBXFileReference; lastKnownFileType = sourcecode.swift; path = Camera.swift; sourceTree = "<group>"; };
		14E8CE5E2D04E2EA00AE0D67 /* GameController.swift */ = {isa = PBXFileReference; lastKnownFileType = sourcecode.swift; path = GameController.swift; sourceTree = "<group>"; };
		14E8CE5F2D04E2EA00AE0D67 /* GameScene.swift */ = {isa = PBXFileReference; lastKnownFileType = sourcecode.swift; path = GameScene.swift; sourceTree = "<group>"; };
		14E8CE602D04E2EA00AE0D67 /* PlayerCamera.swift */ = {isa = PBXFileReference; lastKnownFileType = sourcecode.swift; path = PlayerCamera.swift; sourceTree = "<group>"; };
		14E8CE612D04E2EA00AE0D67 /* Renderer.swift */ = {isa = PBXFileReference; lastKnownFileType = sourcecode.swift; path = Renderer.swift; sourceTree = "<group>"; };
		14E8CE632D04E2EA00AE0D67 /* SceneLighting.swift */ = {isa = PBXFileReference; lastKnownFileType = sourcecode.swift; path = SceneLighting.swift; sourceTree = "<group>"; };
		14E8CE692D04E2EA00AE0D67 /* Transform.swift */ = {isa = PBXFileReference; lastKnownFileType = sourcecode.swift; path = Transform.swift; sourceTree = "<group>"; };
		14E8CE6A2D04E2EA00AE0D67 /* VertexDescriptor.swift */ = {isa = PBXFileReference; lastKnownFileType = sourcecode.swift; path = VertexDescriptor.swift; sourceTree = "<group>"; };
		14E8CE6C2D04E2EA00AE0D67 /* InputController.swift */ = {isa = PBXFileReference; lastKnownFileType = sourcecode.swift; path = InputController.swift; sourceTree = "<group>"; };
		14E8CE6D2D04E2EA00AE0D67 /* Movement.swift */ = {isa = PBXFileReference; lastKnownFileType = sourcecode.swift; path = Movement.swift; sourceTree = "<group>"; };
		14E8CE722D04E2EA00AE0D67 /* Preview Assets.xcassets */ = {isa = PBXFileReference; lastKnownFileType = folder.assetcatalog; path = "Preview Assets.xcassets"; sourceTree = "<group>"; };
		14E8CE742D04E2EA00AE0D67 /* Common.h */ = {isa = PBXFileReference; lastKnownFileType = sourcecode.c.h; path = Common.h; sourceTree = "<group>"; };
		14E8CE752D04E2EA00AE0D67 /* Fragment.metal */ = {isa = PBXFileReference; lastKnownFileType = sourcecode.metal; path = Fragment.metal; sourceTree = "<group>"; };
		14E8CE762D04E2EA00AE0D67 /* Lighting.h */ = {isa = PBXFileReference; lastKnownFileType = sourcecode.c.h; path = Lighting.h; sourceTree = "<group>"; };
		14E8CE772D04E2EA00AE0D67 /* Lighting.metal */ = {isa = PBXFileReference; lastKnownFileType = sourcecode.metal; path = Lighting.metal; sourceTree = "<group>"; };
		14E8CE782D04E2EA00AE0D67 /* ShaderDefs.h */ = {isa = PBXFileReference; lastKnownFileType = sourcecode.c.h; path = ShaderDefs.h; sourceTree = "<group>"; };
		14E8CE792D04E2EA00AE0D67 /* Vertex.metal */ = {isa = PBXFileReference; lastKnownFileType = sourcecode.metal; path = Vertex.metal; sourceTree = "<group>"; };
		14E8CE7B2D04E2EA00AE0D67 /* ContentView.swift */ = {isa = PBXFileReference; lastKnownFileType = sourcecode.swift; path = ContentView.swift; sourceTree = "<group>"; };
		14E8CE7C2D04E2EA00AE0D67 /* MetalView.swift */ = {isa = PBXFileReference; lastKnownFileType = sourcecode.swift; path = MetalView.swift; sourceTree = "<group>"; };
		14E8CE812D04E2EA00AE0D67 /* DebugLights.metal */ = {isa = PBXFileReference; lastKnownFileType = sourcecode.metal; path = DebugLights.metal; sourceTree = "<group>"; };
		14E8CE822D04E2EA00AE0D67 /* DebugLights.swift */ = {isa = PBXFileReference; lastKnownFileType = sourcecode.swift; path = DebugLights.swift; sourceTree = "<group>"; };
		14E8CE832D04E2EA00AE0D67 /* MathLibrary.swift */ = {isa = PBXFileReference; lastKnownFileType = sourcecode.swift; path = MathLibrary.swift; sourceTree = "<group>"; };
		14E8CE852D04E2EA00AE0D67 /* Assets.xcassets */ = {isa = PBXFileReference; lastKnownFileType = folder.assetcatalog; path = Assets.xcassets; sourceTree = "<group>"; };
		14E8CE862D04E2EA00AE0D67 /* Planets.entitlements */ = {isa = PBXFileReference; lastKnownFileType = text.plist.entitlements; path = Planets.entitlements; sourceTree = "<group>"; };
		14E8CE872D04E2EA00AE0D67 /* PlanetsApp.swift */ = {isa = PBXFileReference; lastKnownFileType = sourcecode.swift; path = PlanetsApp.swift; sourceTree = "<group>"; };
		14F164D22DB6A1D00096973E /* NavigationContext.swift */ = {isa = PBXFileReference; lastKnownFileType = sourcecode.swift; path = NavigationContext.swift; sourceTree = "<group>"; };
/* End PBXFileReference section */

/* Begin PBXFrameworksBuildPhase section */
		14B588BB2D03A29200A350DF /* Frameworks */ = {
			isa = PBXFrameworksBuildPhase;
			buildActionMask = 2147483647;
			files = (
			);
			runOnlyForDeploymentPostprocessing = 0;
		};
/* End PBXFrameworksBuildPhase section */

/* Begin PBXGroup section */
		14B588B52D03A29100A350DF = {
			isa = PBXGroup;
			children = (
				14E8CE882D04E2EA00AE0D67 /* Planets */,
				14B588BF2D03A29200A350DF /* Products */,
			);
			sourceTree = "<group>";
		};
		14B588BF2D03A29200A350DF /* Products */ = {
			isa = PBXGroup;
			children = (
				14B588BE2D03A29200A350DF /* Planets.app */,
			);
			name = Products;
			sourceTree = "<group>";
		};
		14E8CE642D04E2EA00AE0D67 /* Game */ = {
			isa = PBXGroup;
			children = (
				14E8CE5D2D04E2EA00AE0D67 /* Camera.swift */,
				14E8CE5E2D04E2EA00AE0D67 /* GameController.swift */,
				14E8CE5F2D04E2EA00AE0D67 /* GameScene.swift */,
				14E8CE602D04E2EA00AE0D67 /* PlayerCamera.swift */,
				14E8CE612D04E2EA00AE0D67 /* Renderer.swift */,
				14E8CE632D04E2EA00AE0D67 /* SceneLighting.swift */,
				14E127332D077F6500E12420 /* SimpleNoiseFilter.swift */,
				14E508BB2D08E17E004B4375 /* RidgidNoiseFilter.swift */,
				14E127352D0786F700E12420 /* NoiseSettings.swift */,
				14E508BD2D08E371004B4375 /* NoiseFilter.swift */,
			);
			path = Game;
			sourceTree = "<group>";
		};
		14E8CE6B2D04E2EA00AE0D67 /* Geometry */ = {
			isa = PBXGroup;
			children = (
				140F64732D04E3FB00C89262 /* Planet.swift */,
				140F64742D04E3FB00C89262 /* TerrainFace.swift */,
				14E8CE692D04E2EA00AE0D67 /* Transform.swift */,
				14E8CE6A2D04E2EA00AE0D67 /* VertexDescriptor.swift */,
				14CAE33F2D06393F00A4CECC /* ShapeSettings.swift */,
				14CAE3412D0644FD00A4CECC /* ShapeGenerator.swift */,
			);
			path = Geometry;
			sourceTree = "<group>";
		};
		14E8CE6E2D04E2EA00AE0D67 /* Input */ = {
			isa = PBXGroup;
			children = (
				14E8CE6C2D04E2EA00AE0D67 /* InputController.swift */,
				14E8CE6D2D04E2EA00AE0D67 /* Movement.swift */,
			);
			path = Input;
			sourceTree = "<group>";
		};
		14E8CE732D04E2EA00AE0D67 /* Preview Content */ = {
			isa = PBXGroup;
			children = (
				14E8CE722D04E2EA00AE0D67 /* Preview Assets.xcassets */,
			);
			path = "Preview Content";
			sourceTree = "<group>";
		};
		14E8CE7A2D04E2EA00AE0D67 /* Shaders */ = {
			isa = PBXGroup;
			children = (
				14E8CE742D04E2EA00AE0D67 /* Common.h */,
				14E8CE752D04E2EA00AE0D67 /* Fragment.metal */,
				14E8CE762D04E2EA00AE0D67 /* Lighting.h */,
				14E8CE772D04E2EA00AE0D67 /* Lighting.metal */,
				14E8CE782D04E2EA00AE0D67 /* ShaderDefs.h */,
				14E8CE792D04E2EA00AE0D67 /* Vertex.metal */,
				14D78F152DB41125008917B9 /* Normals.metal */,
			);
			path = Shaders;
			sourceTree = "<group>";
		};
		14E8CE7D2D04E2EA00AE0D67 /* SwiftUI Views */ = {
			isa = PBXGroup;
			children = (
				14CAE33D2D061C0200A4CECC /* Options.swift */,
				14E8CE7B2D04E2EA00AE0D67 /* ContentView.swift */,
				14D78F112DB3EF41008917B9 /* PlanetsListView.swift */,
				14E8CE7C2D04E2EA00AE0D67 /* MetalView.swift */,
				14E508BF2D08EA03004B4375 /* SettingsView.swift */,
				14E508C12D08EBA6004B4375 /* NoiseLayerSettingsView.swift */,
				14E508C32D08F17B004B4375 /* ColorSettingsView.swift */,
				1410B2372DBACD7700DCFD4B /* PlanetsGridView.swift */,
			);
			path = "SwiftUI Views";
			sourceTree = "<group>";
		};
		14E8CE842D04E2EA00AE0D67 /* Utility */ = {
			isa = PBXGroup;
			children = (
				14E8CE812D04E2EA00AE0D67 /* DebugLights.metal */,
				14E8CE822D04E2EA00AE0D67 /* DebugLights.swift */,
				14E8CE832D04E2EA00AE0D67 /* MathLibrary.swift */,
				14CAE3432D06503700A4CECC /* Noise.swift */,
				14F164D22DB6A1D00096973E /* NavigationContext.swift */,
			);
			path = Utility;
			sourceTree = "<group>";
		};
		14E8CE882D04E2EA00AE0D67 /* Planets */ = {
			isa = PBXGroup;
			children = (
				14E8CE642D04E2EA00AE0D67 /* Game */,
				14E8CE6B2D04E2EA00AE0D67 /* Geometry */,
				14E8CE6E2D04E2EA00AE0D67 /* Input */,
				14E8CE732D04E2EA00AE0D67 /* Preview Content */,
				14E8CE7A2D04E2EA00AE0D67 /* Shaders */,
				14E8CE7D2D04E2EA00AE0D67 /* SwiftUI Views */,
				14E8CE842D04E2EA00AE0D67 /* Utility */,
				14E8CE852D04E2EA00AE0D67 /* Assets.xcassets */,
				14E8CE862D04E2EA00AE0D67 /* Planets.entitlements */,
				14E8CE872D04E2EA00AE0D67 /* PlanetsApp.swift */,
			);
			path = Planets;
			sourceTree = "<group>";
		};
/* End PBXGroup section */

/* Begin PBXNativeTarget section */
		14B588BD2D03A29200A350DF /* Planets */ = {
			isa = PBXNativeTarget;
			buildConfigurationList = 14B588CD2D03A29300A350DF /* Build configuration list for PBXNativeTarget "Planets" */;
			buildPhases = (
				14B588BA2D03A29200A350DF /* Sources */,
				14B588BB2D03A29200A350DF /* Frameworks */,
				14B588BC2D03A29200A350DF /* Resources */,
			);
			buildRules = (
			);
			dependencies = (
			);
			name = Planets;
			packageProductDependencies = (
			);
			productName = Planets;
			productReference = 14B588BE2D03A29200A350DF /* Planets.app */;
			productType = "com.apple.product-type.application";
		};
/* End PBXNativeTarget section */

/* Begin PBXProject section */
		14B588B62D03A29200A350DF /* Project object */ = {
			isa = PBXProject;
			attributes = {
				BuildIndependentTargetsInParallel = 1;
				LastSwiftUpdateCheck = 1610;
				LastUpgradeCheck = 1630;
				TargetAttributes = {
					14B588BD2D03A29200A350DF = {
						CreatedOnToolsVersion = 16.1;
					};
				};
			};
			buildConfigurationList = 14B588B92D03A29200A350DF /* Build configuration list for PBXProject "Planets" */;
			developmentRegion = en;
			hasScannedForEncodings = 0;
			knownRegions = (
				en,
				Base,
			);
			mainGroup = 14B588B52D03A29100A350DF;
			minimizedProjectReferenceProxies = 1;
			preferredProjectObjectVersion = 77;
			productRefGroup = 14B588BF2D03A29200A350DF /* Products */;
			projectDirPath = "";
			projectRoot = "";
			targets = (
				14B588BD2D03A29200A350DF /* Planets */,
			);
		};
/* End PBXProject section */

/* Begin PBXResourcesBuildPhase section */
		14B588BC2D03A29200A350DF /* Resources */ = {
			isa = PBXResourcesBuildPhase;
			buildActionMask = 2147483647;
			files = (
				14E8CE8B2D04E2EA00AE0D67 /* Preview Assets.xcassets in Resources */,
				14E8CE8D2D04E2EA00AE0D67 /* Assets.xcassets in Resources */,
			);
			runOnlyForDeploymentPostprocessing = 0;
		};
/* End PBXResourcesBuildPhase section */

/* Begin PBXSourcesBuildPhase section */
		14B588BA2D03A29200A350DF /* Sources */ = {
			isa = PBXSourcesBuildPhase;
			buildActionMask = 2147483647;
			files = (
				14E8CE8E2D04E2EA00AE0D67 /* Camera.swift in Sources */,
				14F164D32DB6A1D00096973E /* NavigationContext.swift in Sources */,
				14CAE3442D06503700A4CECC /* Noise.swift in Sources */,
				14E8CE8F2D04E2EA00AE0D67 /* GameController.swift in Sources */,
				14E8CE902D04E2EA00AE0D67 /* GameScene.swift in Sources */,
				14E508BC2D08E17E004B4375 /* RidgidNoiseFilter.swift in Sources */,
				14E127362D0786F700E12420 /* NoiseSettings.swift in Sources */,
				14E8CE912D04E2EA00AE0D67 /* PlayerCamera.swift in Sources */,
				14E8CE922D04E2EA00AE0D67 /* Renderer.swift in Sources */,
				14E8CE942D04E2EA00AE0D67 /* SceneLighting.swift in Sources */,
				14CAE3402D06393F00A4CECC /* ShapeSettings.swift in Sources */,
				14CAE3422D0644FD00A4CECC /* ShapeGenerator.swift in Sources */,
				1410B2382DBACD7700DCFD4B /* PlanetsGridView.swift in Sources */,
				14E8CE992D04E2EA00AE0D67 /* Transform.swift in Sources */,
				14E8CE9A2D04E2EA00AE0D67 /* VertexDescriptor.swift in Sources */,
				14E8CE9B2D04E2EA00AE0D67 /* InputController.swift in Sources */,
				14E8CE9C2D04E2EA00AE0D67 /* Movement.swift in Sources */,
				14E508C02D08EA03004B4375 /* SettingsView.swift in Sources */,
				14E508BE2D08E371004B4375 /* NoiseFilter.swift in Sources */,
				14E8CE9D2D04E2EA00AE0D67 /* Fragment.metal in Sources */,
				14E8CE9E2D04E2EA00AE0D67 /* Lighting.metal in Sources */,
				14E8CE9F2D04E2EA00AE0D67 /* Vertex.metal in Sources */,
				14D78F122DB3EF41008917B9 /* PlanetsListView.swift in Sources */,
				14E8CEA02D04E2EA00AE0D67 /* ContentView.swift in Sources */,
				14CAE33E2D061C0200A4CECC /* Options.swift in Sources */,
				140F64752D04E3FB00C89262 /* TerrainFace.swift in Sources */,
				140F64762D04E3FB00C89262 /* Planet.swift in Sources */,
				14E8CEA12D04E2EA00AE0D67 /* MetalView.swift in Sources */,
				14E8CEA32D04E2EA00AE0D67 /* DebugLights.metal in Sources */,
				14D78F162DB41125008917B9 /* Normals.metal in Sources */,
				14E8CEA42D04E2EA00AE0D67 /* DebugLights.swift in Sources */,
				14E508C22D08EBA6004B4375 /* NoiseLayerSettingsView.swift in Sources */,
				14E8CEA52D04E2EA00AE0D67 /* MathLibrary.swift in Sources */,
				14E508C42D08F17B004B4375 /* ColorSettingsView.swift in Sources */,
				14E127342D077F6500E12420 /* SimpleNoiseFilter.swift in Sources */,
				14E8CEA62D04E2EA00AE0D67 /* PlanetsApp.swift in Sources */,
			);
			runOnlyForDeploymentPostprocessing = 0;
		};
/* End PBXSourcesBuildPhase section */

/* Begin XCBuildConfiguration section */
		14B588CB2D03A29300A350DF /* Debug */ = {
			isa = XCBuildConfiguration;
			buildSettings = {
				ALWAYS_SEARCH_USER_PATHS = NO;
				ASSETCATALOG_COMPILER_GENERATE_SWIFT_ASSET_SYMBOL_EXTENSIONS = YES;
				CLANG_ANALYZER_NONNULL = YES;
				CLANG_ANALYZER_NUMBER_OBJECT_CONVERSION = YES_AGGRESSIVE;
				CLANG_CXX_LANGUAGE_STANDARD = "gnu++20";
				CLANG_ENABLE_MODULES = YES;
				CLANG_ENABLE_OBJC_ARC = YES;
				CLANG_ENABLE_OBJC_WEAK = YES;
				CLANG_WARN_BLOCK_CAPTURE_AUTORELEASING = YES;
				CLANG_WARN_BOOL_CONVERSION = YES;
				CLANG_WARN_COMMA = YES;
				CLANG_WARN_CONSTANT_CONVERSION = YES;
				CLANG_WARN_DEPRECATED_OBJC_IMPLEMENTATIONS = YES;
				CLANG_WARN_DIRECT_OBJC_ISA_USAGE = YES_ERROR;
				CLANG_WARN_DOCUMENTATION_COMMENTS = YES;
				CLANG_WARN_EMPTY_BODY = YES;
				CLANG_WARN_ENUM_CONVERSION = YES;
				CLANG_WARN_INFINITE_RECURSION = YES;
				CLANG_WARN_INT_CONVERSION = YES;
				CLANG_WARN_NON_LITERAL_NULL_CONVERSION = YES;
				CLANG_WARN_OBJC_IMPLICIT_RETAIN_SELF = YES;
				CLANG_WARN_OBJC_LITERAL_CONVERSION = YES;
				CLANG_WARN_OBJC_ROOT_CLASS = YES_ERROR;
				CLANG_WARN_QUOTED_INCLUDE_IN_FRAMEWORK_HEADER = YES;
				CLANG_WARN_RANGE_LOOP_ANALYSIS = YES;
				CLANG_WARN_STRICT_PROTOTYPES = YES;
				CLANG_WARN_SUSPICIOUS_MOVE = YES;
				CLANG_WARN_UNGUARDED_AVAILABILITY = YES_AGGRESSIVE;
				CLANG_WARN_UNREACHABLE_CODE = YES;
				CLANG_WARN__DUPLICATE_METHOD_MATCH = YES;
				CODE_SIGN_IDENTITY = "-";
				COPY_PHASE_STRIP = NO;
				DEAD_CODE_STRIPPING = YES;
				DEBUG_INFORMATION_FORMAT = dwarf;
				DEVELOPMENT_TEAM = RQSSZPM46L;
				ENABLE_STRICT_OBJC_MSGSEND = YES;
				ENABLE_TESTABILITY = YES;
				ENABLE_USER_SCRIPT_SANDBOXING = NO;
				GCC_C_LANGUAGE_STANDARD = gnu17;
				GCC_DYNAMIC_NO_PIC = NO;
				GCC_NO_COMMON_BLOCKS = YES;
				GCC_OPTIMIZATION_LEVEL = 0;
				GCC_PREPROCESSOR_DEFINITIONS = (
					"DEBUG=1",
					"$(inherited)",
				);
				GCC_WARN_64_TO_32_BIT_CONVERSION = YES;
				GCC_WARN_ABOUT_RETURN_TYPE = YES_ERROR;
				GCC_WARN_UNDECLARED_SELECTOR = YES;
				GCC_WARN_UNINITIALIZED_AUTOS = YES_AGGRESSIVE;
				GCC_WARN_UNUSED_FUNCTION = YES;
				GCC_WARN_UNUSED_VARIABLE = YES;
				LOCALIZATION_PREFERS_STRING_CATALOGS = YES;
				MTL_ENABLE_DEBUG_INFO = INCLUDE_SOURCE;
				MTL_FAST_MATH = YES;
				ONLY_ACTIVE_ARCH = YES;
				SWIFT_ACTIVE_COMPILATION_CONDITIONS = "DEBUG $(inherited)";
				SWIFT_OBJC_BRIDGING_HEADER = Planets/Shaders/Common.h;
				SWIFT_OPTIMIZATION_LEVEL = "-Onone";
			};
			name = Debug;
		};
		14B588CC2D03A29300A350DF /* Release */ = {
			isa = XCBuildConfiguration;
			buildSettings = {
				ALWAYS_SEARCH_USER_PATHS = NO;
				ASSETCATALOG_COMPILER_GENERATE_SWIFT_ASSET_SYMBOL_EXTENSIONS = YES;
				CLANG_ANALYZER_NONNULL = YES;
				CLANG_ANALYZER_NUMBER_OBJECT_CONVERSION = YES_AGGRESSIVE;
				CLANG_CXX_LANGUAGE_STANDARD = "gnu++20";
				CLANG_ENABLE_MODULES = YES;
				CLANG_ENABLE_OBJC_ARC = YES;
				CLANG_ENABLE_OBJC_WEAK = YES;
				CLANG_WARN_BLOCK_CAPTURE_AUTORELEASING = YES;
				CLANG_WARN_BOOL_CONVERSION = YES;
				CLANG_WARN_COMMA = YES;
				CLANG_WARN_CONSTANT_CONVERSION = YES;
				CLANG_WARN_DEPRECATED_OBJC_IMPLEMENTATIONS = YES;
				CLANG_WARN_DIRECT_OBJC_ISA_USAGE = YES_ERROR;
				CLANG_WARN_DOCUMENTATION_COMMENTS = YES;
				CLANG_WARN_EMPTY_BODY = YES;
				CLANG_WARN_ENUM_CONVERSION = YES;
				CLANG_WARN_INFINITE_RECURSION = YES;
				CLANG_WARN_INT_CONVERSION = YES;
				CLANG_WARN_NON_LITERAL_NULL_CONVERSION = YES;
				CLANG_WARN_OBJC_IMPLICIT_RETAIN_SELF = YES;
				CLANG_WARN_OBJC_LITERAL_CONVERSION = YES;
				CLANG_WARN_OBJC_ROOT_CLASS = YES_ERROR;
				CLANG_WARN_QUOTED_INCLUDE_IN_FRAMEWORK_HEADER = YES;
				CLANG_WARN_RANGE_LOOP_ANALYSIS = YES;
				CLANG_WARN_STRICT_PROTOTYPES = YES;
				CLANG_WARN_SUSPICIOUS_MOVE = YES;
				CLANG_WARN_UNGUARDED_AVAILABILITY = YES_AGGRESSIVE;
				CLANG_WARN_UNREACHABLE_CODE = YES;
				CLANG_WARN__DUPLICATE_METHOD_MATCH = YES;
				CODE_SIGN_IDENTITY = "-";
				COPY_PHASE_STRIP = NO;
				DEAD_CODE_STRIPPING = YES;
				DEBUG_INFORMATION_FORMAT = "dwarf-with-dsym";
				DEVELOPMENT_TEAM = RQSSZPM46L;
				ENABLE_NS_ASSERTIONS = NO;
				ENABLE_STRICT_OBJC_MSGSEND = YES;
				ENABLE_USER_SCRIPT_SANDBOXING = NO;
				GCC_C_LANGUAGE_STANDARD = gnu17;
				GCC_NO_COMMON_BLOCKS = YES;
				GCC_WARN_64_TO_32_BIT_CONVERSION = YES;
				GCC_WARN_ABOUT_RETURN_TYPE = YES_ERROR;
				GCC_WARN_UNDECLARED_SELECTOR = YES;
				GCC_WARN_UNINITIALIZED_AUTOS = YES_AGGRESSIVE;
				GCC_WARN_UNUSED_FUNCTION = YES;
				GCC_WARN_UNUSED_VARIABLE = YES;
				LOCALIZATION_PREFERS_STRING_CATALOGS = YES;
				MTL_ENABLE_DEBUG_INFO = NO;
				MTL_FAST_MATH = YES;
				SWIFT_COMPILATION_MODE = wholemodule;
				SWIFT_OBJC_BRIDGING_HEADER = Planets/Shaders/Common.h;
			};
			name = Release;
		};
		14B588CE2D03A29300A350DF /* Debug */ = {
			isa = XCBuildConfiguration;
			buildSettings = {
				ASSETCATALOG_COMPILER_APPICON_NAME = AppIcon;
				ASSETCATALOG_COMPILER_GLOBAL_ACCENT_COLOR_NAME = AccentColor;
				CODE_SIGN_ENTITLEMENTS = Planets/Planets.entitlements;
				"CODE_SIGN_IDENTITY[sdk=iphoneos*]" = "Apple Development";
				CODE_SIGN_STYLE = Automatic;
				CURRENT_PROJECT_VERSION = 1;
				DEAD_CODE_STRIPPING = YES;
				DEVELOPMENT_ASSET_PATHS = "\"Planets/Preview Content\"";
				ENABLE_HARDENED_RUNTIME = YES;
				ENABLE_PREVIEWS = YES;
				GENERATE_INFOPLIST_FILE = YES;
				"INFOPLIST_KEY_UIApplicationSceneManifest_Generation[sdk=iphoneos*]" = YES;
				"INFOPLIST_KEY_UIApplicationSceneManifest_Generation[sdk=iphonesimulator*]" = YES;
				"INFOPLIST_KEY_UIApplicationSupportsIndirectInputEvents[sdk=iphoneos*]" = YES;
				"INFOPLIST_KEY_UIApplicationSupportsIndirectInputEvents[sdk=iphonesimulator*]" = YES;
				"INFOPLIST_KEY_UILaunchScreen_Generation[sdk=iphoneos*]" = YES;
				"INFOPLIST_KEY_UILaunchScreen_Generation[sdk=iphonesimulator*]" = YES;
				"INFOPLIST_KEY_UIStatusBarStyle[sdk=iphoneos*]" = UIStatusBarStyleDefault;
				"INFOPLIST_KEY_UIStatusBarStyle[sdk=iphonesimulator*]" = UIStatusBarStyleDefault;
				INFOPLIST_KEY_UISupportedInterfaceOrientations_iPad = "UIInterfaceOrientationPortrait UIInterfaceOrientationPortraitUpsideDown UIInterfaceOrientationLandscapeLeft UIInterfaceOrientationLandscapeRight";
				INFOPLIST_KEY_UISupportedInterfaceOrientations_iPhone = "UIInterfaceOrientationPortrait UIInterfaceOrientationLandscapeLeft UIInterfaceOrientationLandscapeRight";
				IPHONEOS_DEPLOYMENT_TARGET = 18.0;
				LD_RUNPATH_SEARCH_PATHS = "@executable_path/Frameworks";
				"LD_RUNPATH_SEARCH_PATHS[sdk=macosx*]" = "@executable_path/../Frameworks";
				MACOSX_DEPLOYMENT_TARGET = 14.6;
				MARKETING_VERSION = 1.0;
				PRODUCT_BUNDLE_IDENTIFIER = com.pauldelestrac.Planets;
				PRODUCT_NAME = "$(TARGET_NAME)";
				SDKROOT = macosx;
				SUPPORTED_PLATFORMS = "iphoneos iphonesimulator macosx";
				SUPPORTS_MACCATALYST = NO;
				SWIFT_EMIT_LOC_STRINGS = YES;
				SWIFT_VERSION = 5.0;
				TARGETED_DEVICE_FAMILY = "1,2,7";
				XROS_DEPLOYMENT_TARGET = 2.1;
			};
			name = Debug;
		};
		14B588CF2D03A29300A350DF /* Release */ = {
			isa = XCBuildConfiguration;
			buildSettings = {
				ASSETCATALOG_COMPILER_APPICON_NAME = AppIcon;
				ASSETCATALOG_COMPILER_GLOBAL_ACCENT_COLOR_NAME = AccentColor;
				CODE_SIGN_ENTITLEMENTS = Planets/Planets.entitlements;
				"CODE_SIGN_IDENTITY[sdk=iphoneos*]" = "Apple Development";
				CODE_SIGN_STYLE = Automatic;
				CURRENT_PROJECT_VERSION = 1;
				DEVELOPMENT_ASSET_PATHS = "\"Planets/Preview Content\"";
				ENABLE_HARDENED_RUNTIME = YES;
				ENABLE_PREVIEWS = YES;
				GENERATE_INFOPLIST_FILE = YES;
				"INFOPLIST_KEY_UIApplicationSceneManifest_Generation[sdk=iphoneos*]" = YES;
				"INFOPLIST_KEY_UIApplicationSceneManifest_Generation[sdk=iphonesimulator*]" = YES;
				"INFOPLIST_KEY_UIApplicationSupportsIndirectInputEvents[sdk=iphoneos*]" = YES;
				"INFOPLIST_KEY_UIApplicationSupportsIndirectInputEvents[sdk=iphonesimulator*]" = YES;
				"INFOPLIST_KEY_UILaunchScreen_Generation[sdk=iphoneos*]" = YES;
				"INFOPLIST_KEY_UILaunchScreen_Generation[sdk=iphonesimulator*]" = YES;
				"INFOPLIST_KEY_UIStatusBarStyle[sdk=iphoneos*]" = UIStatusBarStyleDefault;
				"INFOPLIST_KEY_UIStatusBarStyle[sdk=iphonesimulator*]" = UIStatusBarStyleDefault;
				INFOPLIST_KEY_UISupportedInterfaceOrientations_iPad = "UIInterfaceOrientationPortrait UIInterfaceOrientationPortraitUpsideDown UIInterfaceOrientationLandscapeLeft UIInterfaceOrientationLandscapeRight";
				INFOPLIST_KEY_UISupportedInterfaceOrientations_iPhone = "UIInterfaceOrientationPortrait UIInterfaceOrientationLandscapeLeft UIInterfaceOrientationLandscapeRight";
				IPHONEOS_DEPLOYMENT_TARGET = 18.0;
				LD_RUNPATH_SEARCH_PATHS = "@executable_path/Frameworks";
				"LD_RUNPATH_SEARCH_PATHS[sdk=macosx*]" = "@executable_path/../Frameworks";
				MACOSX_DEPLOYMENT_TARGET = 14.6;
				MARKETING_VERSION = 1.0;
				PRODUCT_BUNDLE_IDENTIFIER = com.pauldelestrac.Planets;
				PRODUCT_NAME = "$(TARGET_NAME)";
				SDKROOT = macosx;
				SUPPORTED_PLATFORMS = "iphoneos iphonesimulator macosx";
				SUPPORTS_MACCATALYST = NO;
				SWIFT_EMIT_LOC_STRINGS = YES;
				SWIFT_VERSION = 5.0;
				TARGETED_DEVICE_FAMILY = "1,2,7";
				XROS_DEPLOYMENT_TARGET = 2.1;
			};
			name = Release;
		};
/* End XCBuildConfiguration section */

/* Begin XCConfigurationList section */
		14B588B92D03A29200A350DF /* Build configuration list for PBXProject "Planets" */ = {
			isa = XCConfigurationList;
			buildConfigurations = (
				14B588CB2D03A29300A350DF /* Debug */,
				14B588CC2D03A29300A350DF /* Release */,
			);
			defaultConfigurationIsVisible = 0;
			defaultConfigurationName = Release;
		};
		14B588CD2D03A29300A350DF /* Build configuration list for PBXNativeTarget "Planets" */ = {
			isa = XCConfigurationList;
			buildConfigurations = (
				14B588CE2D03A29300A350DF /* Debug */,
				14B588CF2D03A29300A350DF /* Release */,
			);
			defaultConfigurationIsVisible = 0;
			defaultConfigurationName = Release;
		};
/* End XCConfigurationList section */
	};
	rootObject = 14B588B62D03A29200A350DF /* Project object */;
}
